<?xml version="1.0" encoding="utf-8"?>
<Project ToolsVersion="4.0" xmlns="http://schemas.microsoft.com/developer/msbuild/2003">
  <ItemGroup>
    <ClCompile Include="Application.cpp" />
    <ClCompile Include="Scene\BaseScene.cpp" />
    <ClCompile Include="main.cpp" />
    <ClCompile Include="MouseController.cpp" />
    <ClCompile Include="Scene\GameScene.cpp" />
    <ClCompile Include="Scene\ResultScene.cpp" />
    <ClCompile Include="Scene\MainScene.cpp" />
    <ClCompile Include="Scene\SceneManager.cpp" />
    <ClCompile Include="Scene\TitleScene.cpp" />
    <ClCompile Include="KeyController.cpp" />
    <ClCompile Include="Unit\Unit.cpp" />
    <ClCompile Include="Unit\Enemy\Enemy.cpp" />
    <ClCompile Include="tinyxml2\tinyxml2.cpp" />
    <ClCompile Include="Map\Map.cpp" />
    <ClCompile Include="Unit\Enemy\EnemyManager.cpp" />
    <ClCompile Include="Object\Shot\ShotMng.cpp" />
    <ClCompile Include="Unit\Player\PlayerMng.cpp" />
    <ClCompile Include="Unit\Player\Yellow.cpp" />
    <ClCompile Include="Map\Custom.cpp" />
    <ClCompile Include="Scene\CustomMapScene.cpp" />
    <ClCompile Include="Unit\Enemy\EnemySpawner.cpp" />
    <ClCompile Include="Unit\Player\Player.cpp" />
    <ClCompile Include="Mng\ImageMng.cpp" />
    <ClCompile Include="Camera.cpp" />
    <ClCompile Include="StringUtil.cpp" />
    <ClCompile Include="Trap\SlipDamage.cpp" />
    <ClCompile Include="Trap\TrapManager.cpp" />
    <ClCompile Include="Trap\Support.cpp" />
    <ClCompile Include="Trap\Explosion.cpp" />
    <ClCompile Include="Trap\Interference.cpp" />
    <ClCompile Include="Unit\Player\Green.cpp" />
    <ClCompile Include="Unit\Player\Pink.cpp" />
    <ClCompile Include="Unit\Player\Blue.cpp" />
    <ClCompile Include="Collision.cpp" />
    <ClCompile Include="Map\Astar.cpp" />
    <ClCompile Include="Trap\PowerDown.cpp" />
    <ClCompile Include="Trap\DefenseDown.cpp" />
    <ClCompile Include="Mng\SoundMng.cpp" />
    <ClCompile Include="Unit\Enemy\Mob\ECircle.cpp" />
    <ClCompile Include="Unit\Enemy\Mob\ETriangle.cpp" />
    <ClCompile Include="Unit\Enemy\Mob\ESquare.cpp" />
    <ClCompile Include="Unit\Enemy\Mob\EPentagon.cpp" />
    <ClCompile Include="Scene\GameOverScene.cpp" />
    <ClCompile Include="CustumErrorText.cpp" />
    <ClCompile Include="_debug\_DebugConOut.cpp" />
    <ClCompile Include="_debug\_DebugDispOut.cpp" />
    <ClCompile Include="GUI\Button\Button.cpp" />
    <ClCompile Include="GUI\Button\CircleButton.cpp" />
    <ClCompile Include="GUI\Button\ImageCircleButton.cpp" />
    <ClCompile Include="GUI\Button\ImageRectButton.cpp" />
    <ClCompile Include="GUI\Button\RectButton.cpp" />
    <ClCompile Include="GUI\Button\RoundRectButton.cpp" />
    <ClCompile Include="GUI\ScrollList\BoxList.cpp" />
    <ClCompile Include="GUI\ScrollList\ImageList.cpp" />
    <ClCompile Include="GUI\ScrollList\ScrollList.cpp" />
    <ClCompile Include="GUI\ScrollList\StringList.cpp" />
    <ClCompile Include="GUI\PullDown\PullDown.cpp" />
    <ClCompile Include="GUI\ScrollList\ButtonList.cpp" />
    <ClCompile Include="GUI\Canvas.cpp" />
    <ClCompile Include="GUI\UI.cpp" />
    <ClCompile Include="GUI\SpinBox\SpinBox.cpp" />
    <ClCompile Include="GUI\SpinBox\SpinBoxForBool.cpp" />
    <ClCompile Include="GUI\SpinBox\SpinBoxForFloat.cpp" />
    <ClCompile Include="GUI\SpinBox\SpinBoxForInt.cpp" />
    <ClCompile Include="GUI\SpinBox\SpinBoxForString.cpp" />
    <ClCompile Include="GUI\SpinBox\SpinBoxForImage.cpp" />
    <ClCompile Include="GUI\ScrollList\ImgeAndStringList.cpp" />
    <ClCompile Include="CustomDraw.cpp" />
    <ClCompile Include="NumberUI.cpp" />
    <ClCompile Include="GUI\UIText.cpp" />
    <ClCompile Include="Scene\GameMapSellectScene.cpp" />
    <ClCompile Include="Map\Simple.cpp" />
  </ItemGroup>
  <ItemGroup>
    <ClInclude Include="Application.h" />
    <ClInclude Include="Geometry.h" />
    <ClInclude Include="KeyController.h" />
    <ClInclude Include="MouseController.h" />
    <ClInclude Include="Scene\BaseScene.h" />
    <ClInclude Include="Scene\GameScene.h" />
    <ClInclude Include="Scene\MainScene.h" />
    <ClInclude Include="Scene\ResultScene.h" />
    <ClInclude Include="Scene\SceneManager.h" />
    <ClInclude Include="Scene\TitleScene.h" />
    <ClInclude Include="Unit\Enemy\Enemy.h" />
    <ClInclude Include="Unit\Unit.h" />
    <ClInclude Include="tinyxml2\tinyxml2.h" />
    <ClInclude Include="Map\Map.h" />
    <ClInclude Include="VECTOR2.h" />
    <ClInclude Include="details\VECTOR2.h" />
    <ClInclude Include="Unit\Enemy\EnemyManager.h" />
    <ClInclude Include="Object\Shot\ShotMng.h" />
    <ClInclude Include="Unit\Player\PlayerMng.h" />
    <ClInclude Include="Unit\Player\Yellow.h" />
    <ClInclude Include="Map\Custom.h" />
    <ClInclude Include="Unit\Enemy\EnemySpawner.h" />
    <ClInclude Include="Scene\CustomMapScene.h" />
    <ClInclude Include="Unit\Enemy\EnemyType.h" />
    <ClInclude Include="Unit\Player\Player.h" />
    <ClInclude Include="Mng\ImageMng.h" />
    <ClInclude Include="Camera.h" />
    <ClInclude Include="Unit\Player\PlayerType.h" />
    <ClInclude Include="StringUtil.h" />
    <ClInclude Include="Trap\SlipDamage.h" />
    <ClInclude Include="Trap\TrapManager.h" />
    <ClInclude Include="Trap\Support.h" />
    <ClInclude Include="Trap\Explosion.h" />
    <ClInclude Include="Trap\Interference.h" />
    <ClInclude Include="Unit\Player\Green.h" />
    <ClInclude Include="Unit\Player\Pink.h" />
    <ClInclude Include="Unit\Player\Blue.h" />
    <ClInclude Include="Collision.h" />
    <ClInclude Include="Trap\Trap.h" />
    <ClInclude Include="Map\Astar.h" />
    <ClInclude Include="Trap\PowerDown.h" />
    <ClInclude Include="Trap\DefenseDown.h" />
    <ClInclude Include="File\FileSystem.h" />
    <ClInclude Include="CustomState\MapCustom.h" />
    <ClInclude Include="CustomState\EnemyCustom.h" />
    <ClInclude Include="CustomState\EndCustom.h" />
    <ClInclude Include="CustomState\CustomState.h" />
    <ClInclude Include="CustomState\SetState.h" />
    <ClInclude Include="CustomState\SelectFile.h" />
    <ClInclude Include="Mng\SoundMng.h" />
    <ClInclude Include="Unit\Enemy\Mob\ECircle.h" />
    <ClInclude Include="Unit\Enemy\Mob\ETriangle.h" />
    <ClInclude Include="Unit\Enemy\Mob\ESquare.h" />
    <ClInclude Include="Unit\Enemy\Mob\EPentagon.h" />
    <ClInclude Include="Scene\GameOverScene.h" />
    <ClInclude Include="MapEnum.h" />
    <ClInclude Include="CustumErrorText.h" />
    <ClInclude Include="_debug\_DebugConOut.h" />
    <ClInclude Include="_debug\_DebugDispOut.h" />
    <ClInclude Include="GUI\Button\Button.h" />
    <ClInclude Include="GUI\Button\CircleButton.h" />
    <ClInclude Include="GUI\Button\ImageCircleButton.h" />
    <ClInclude Include="GUI\Button\ImageRectButton.h" />
    <ClInclude Include="GUI\Button\RectButton.h" />
    <ClInclude Include="GUI\Button\RoundRectButton.h" />
    <ClInclude Include="GUI\ScrollList\BoxList.h" />
    <ClInclude Include="GUI\ScrollList\ImageList.h" />
    <ClInclude Include="GUI\ScrollList\ScrollList.h" />
    <ClInclude Include="GUI\ScrollList\StringList.h" />
    <ClInclude Include="GUI\PullDown\PullDown.h" />
    <ClInclude Include="GUI\ScrollList\ButtonList.h" />
    <ClInclude Include="GUI\Canvas.h" />
    <ClInclude Include="GUI\UI.h" />
    <ClInclude Include="GUI\SpinBox\SpinBox.h" />
    <ClInclude Include="GUI\SpinBox\SpinBoxForBool.h" />
    <ClInclude Include="GUI\SpinBox\SpinBoxForFloat.h" />
    <ClInclude Include="GUI\SpinBox\SpinBoxForInt.h" />
    <ClInclude Include="GUI\SpinBox\SpinBoxForString.h" />
    <ClInclude Include="GUI\SpinBox\SpinBoxForImage.h" />
    <ClInclude Include="GUI\ScrollList\ImgeAndStringList.h" />
    <ClInclude Include="CustomDraw.h" />
    <ClInclude Include="NumberUI.h" />
    <ClInclude Include="GUI\UIText.h" />
    <ClInclude Include="Scene\GameMapSellectScene.h" />
    <ClInclude Include="Map\Simple.h" />
  </ItemGroup>
</Project>