<?xml version="1.0" encoding="utf-8"?>
<Project ToolsVersion="4.0" xmlns="http://schemas.microsoft.com/developer/msbuild/2003">
  <ItemGroup>
    <ClCompile Include="Application.cpp" />
    <ClCompile Include="Scene\BaseScene.cpp" />
    <ClCompile Include="main.cpp" />
    <ClCompile Include="MouseController.cpp" />
    <ClCompile Include="Scene\GameScene.cpp" />
    <ClCompile Include="Scene\ResultScene.cpp" />
    <ClCompile Include="Scene\MainScene.cpp" />
    <ClCompile Include="Scene\SceneManager.cpp" />
    <ClCompile Include="Scene\TitleScene.cpp" />
    <ClCompile Include="KeyController.cpp" />
    <ClCompile Include="Unit\Unit.cpp" />
    <ClCompile Include="Unit\Enemy\Enemy.cpp" />
    <ClCompile Include="tinyxml2\tinyxml2.cpp" />
    <ClCompile Include="Map\Map.cpp" />
    <ClCompile Include="Unit\Enemy\ECircle.cpp" />
    <ClCompile Include="TrapManager.cpp" />
    <ClCompile Include="Unit\Enemy\EnemyManager.cpp" />
    <ClCompile Include="SlipDamage.cpp" />
    <ClCompile Include="Object\Shot\Shot.cpp" />
    <ClCompile Include="Object\Shot\ShotMng.cpp" />
    <ClCompile Include="Unit\Player\PlayerMng.cpp" />
    <ClCompile Include="Unit\Player\Yellow.cpp" />
    <ClCompile Include="Map\Custom.cpp" />
    <ClCompile Include="Scene\CustomMapScene.cpp" />
    <ClCompile Include="Unit\Enemy\EnemySpawner.cpp" />
  </ItemGroup>
  <ItemGroup>
    <ClInclude Include="Application.h" />
    <ClInclude Include="Geometry.h" />
    <ClInclude Include="KeyController.h" />
    <ClInclude Include="MouseController.h" />
    <ClInclude Include="Scene\BaseScene.h" />
    <ClInclude Include="Scene\GameScene.h" />
    <ClInclude Include="Scene\MainScene.h" />
    <ClInclude Include="Scene\ResultScene.h" />
    <ClInclude Include="Scene\SceneManager.h" />
    <ClInclude Include="Scene\TitleScene.h" />
    <ClInclude Include="Unit\Enemy\Enemy.h" />
    <ClInclude Include="Unit\Unit.h" />
    <ClInclude Include="tinyxml2\tinyxml2.h" />
    <ClInclude Include="Map\Map.h" />
    <ClInclude Include="VECTOR2.h" />
    <ClInclude Include="details\VECTOR2.h" />
    <ClInclude Include="Unit\Enemy\ECircle.h" />
    <ClInclude Include="TrapManager.h" />
    <ClInclude Include="Unit\Enemy\EnemyManager.h" />
    <ClInclude Include="SlipDamage.h" />
    <ClInclude Include="Object\Shot\Shot.h" />
    <ClInclude Include="Object\Shot\ShotMng.h" />
    <ClInclude Include="Unit\Player\PlayerMng.h" />
    <ClInclude Include="Unit\Player\Yellow.h" />
    <ClInclude Include="Map\Custom.h" />
    <ClInclude Include="Unit\Enemy\EnemySpawner.h" />
    <ClInclude Include="Scene\CustomMapScene.h" />
    <ClInclude Include="Unit\Enemy\EnemyType.h" />
  </ItemGroup>
</Project>